# THIS IS AN AUTOGENERATED FILE. DO NOT EDIT THIS FILE DIRECTLY.
# yarn lockfile v1


base64-js@^1.5.1:
  version "1.5.1"
  resolved "https://af.hikvision.com.cn:443/artifactory/api/npm/npm-down/base64-js/-/base64-js-1.5.1.tgz#1b1b440160a5bf7ad40b650f095963481903930a"
  integrity sha1-GxtEAWClv3rUC2UPCVljSBkDkwo=

npm-test-dev@^1.2.0:
  version "1.2.0"
  resolved "https://af.hikvision.com.cn:443/artifactory/api/npm/npm-down/npm-test-dev/-/npm-test-dev-1.2.0.tgz#45539b5e309a41c8d6787772d801685b151049e4"
  integrity sha1-RVObXjCaQcjWeHdy2AFoWxUQSeQ=
  dependencies:
    base64-js "^1.5.1"
