{
  "name": "npm-test-dev",
  "version": "1.2.0",
  "lockfileVersion": 1,
  "requires": true,
  "dependencies": {
    "base64-js": {
      "version": "1.5.1",
      "resolved": "https://af.hikvision.com.cn:443/artifactory/api/npm/npm-down/base64-js/-/base64-js-1.5.1.tgz",
      "integrity": "sha1-GxtEAWClv3rUC2UPCVljSBkDkwo="
    },
    "cookie": {
      "version": "0.4.2",
      "resolved": "https://af.hikvision.com.cn:443/artifactory/api/npm/npm-down/cookie/-/cookie-0.4.2.tgz",
      "integrity": "sha1-DkHyTeXs8xeUfIL8eJ4GqISCRDI=",
      "dev": true
    }
  }
}
